// !$*UTF8*$!
{
	archiveVersion = 1;
	classes = {
	};
	objectVersion = 46;
	objects = {

/* Begin PBXBuildFile section */
		B3CA4FAF1CC8C4DA000F867E /* main.m in Sources */ = {isa = PBXBuildFile; fileRef = B3CA4FAE1CC8C4DA000F867E /* main.m */; };
		B3CA4FB21CC8C4DA000F867E /* AppDelegate.m in Sources */ = {isa = PBXBuildFile; fileRef = B3CA4FB11CC8C4DA000F867E /* AppDelegate.m */; };
		B3CA4FB41CC8C4DA000F867E /* Assets.xcassets in Resources */ = {isa = PBXBuildFile; fileRef = B3CA4FB31CC8C4DA000F867E /* Assets.xcassets */; };
		B3CA4FB71CC8C4DA000F867E /* LaunchScreen.storyboard in Resources */ = {isa = PBXBuildFile; fileRef = B3CA4FB51CC8C4DA000F867E /* LaunchScreen.storyboard */; };
		D34A9C3508D9CE1E1E5ABC25 /* libPods.a in Frameworks */ = {isa = PBXBuildFile; fileRef = 86C8F4292BC527EE641C49E8 /* libPods.a */; };
/* End PBXBuildFile section */

/* Begin PBXFileReference section */
		6591B3EBACB2AE965C73C007 /* Pods.debug.xcconfig */ = {isa = PBXFileReference; includeInIndex = 1; lastKnownFileType = text.xcconfig; name = Pods.debug.xcconfig; path = "Pods/Target Support Files/Pods/Pods.debug.xcconfig"; sourceTree = "<group>"; };
		7B4AB5E775CB24A6658F7780 /* Pods.release.xcconfig */ = {isa = PBXFileReference; includeInIndex = 1; lastKnownFileType = text.xcconfig; name = Pods.release.xcconfig; path = "Pods/Target Support Files/Pods/Pods.release.xcconfig"; sourceTree = "<group>"; };
		86C8F4292BC527EE641C49E8 /* libPods.a */ = {isa = PBXFileReference; explicitFileType = archive.ar; includeInIndex = 0; path = libPods.a; sourceTree = BUILT_PRODUCTS_DIR; };
		B3CA4FAA1CC8C4DA000F867E /* AFNTest.app */ = {isa = PBXFileReference; explicitFileType = wrapper.application; includeInIndex = 0; path = AFNTest.app; sourceTree = BUILT_PRODUCTS_DIR; };
		B3CA4FAE1CC8C4DA000F867E /* main.m */ = {isa = PBXFileReference; lastKnownFileType = sourcecode.c.objc; path = main.m; sourceTree = "<group>"; };
		B3CA4FB01CC8C4DA000F867E /* AppDelegate.h */ = {isa = PBXFileReference; lastKnownFileType = sourcecode.c.h; path = AppDelegate.h; sourceTree = "<group>"; };
		B3CA4FB11CC8C4DA000F867E /* AppDelegate.m */ = {isa = PBXFileReference; lastKnownFileType = sourcecode.c.objc; path = AppDelegate.m; sourceTree = "<group>"; };
		B3CA4FB31CC8C4DA000F867E /* Assets.xcassets */ = {isa = PBXFileReference; lastKnownFileType = folder.assetcatalog; path = Assets.xcassets; sourceTree = "<group>"; };
		B3CA4FB61CC8C4DA000F867E /* Base */ = {isa = PBXFileReference; lastKnownFileType = file.storyboard; name = Base; path = Base.lproj/LaunchScreen.storyboard; sourceTree = "<group>"; };
		B3CA4FB81CC8C4DA000F867E /* Info.plist */ = {isa = PBXFileReference; lastKnownFileType = text.plist.xml; path = Info.plist; sourceTree = "<group>"; };
/* End PBXFileReference section */

/* Begin PBXFrameworksBuildPhase section */
		B3CA4FA71CC8C4DA000F867E /* Frameworks */ = {
			isa = PBXFrameworksBuildPhase;
			buildActionMask = 2147483647;
			files = (
				D34A9C3508D9CE1E1E5ABC25 /* libPods.a in Frameworks */,
			);
			runOnlyForDeploymentPostprocessing = 0;
		};
/* End PBXFrameworksBuildPhase section */

/* Begin PBXGroup section */
		1B1B9E792B1C516C557BE9E7 /* Pods */ = {
			isa = PBXGroup;
			children = (
				6591B3EBACB2AE965C73C007 /* Pods.debug.xcconfig */,
				7B4AB5E775CB24A6658F7780 /* Pods.release.xcconfig */,
			);
			name = Pods;
			sourceTree = "<group>";
		};
		79104038361DDC2A30108AEE /* Frameworks */ = {
			isa = PBXGroup;
			children = (
				86C8F4292BC527EE641C49E8 /* libPods.a */,
			);
			name = Frameworks;
			sourceTree = "<group>";
		};
		B3CA4FA11CC8C4DA000F867E = {
			isa = PBXGroup;
			children = (
				B3CA4FAC1CC8C4DA000F867E /* AFNTest */,
				B3CA4FAB1CC8C4DA000F867E /* Products */,
				1B1B9E792B1C516C557BE9E7 /* Pods */,
				79104038361DDC2A30108AEE /* Frameworks */,
			);
			sourceTree = "<group>";
		};
		B3CA4FAB1CC8C4DA000F867E /* Products */ = {
			isa = PBXGroup;
			children = (
				B3CA4FAA1CC8C4DA000F867E /* AFNTest.app */,
			);
			name = Products;
			sourceTree = "<group>";
		};
		B3CA4FAC1CC8C4DA000F867E /* AFNTest */ = {
			isa = PBXGroup;
			children = (
				B3CA4FB01CC8C4DA000F867E /* AppDelegate.h */,
				B3CA4FB11CC8C4DA000F867E /* AppDelegate.m */,
				B3CA4FB31CC8C4DA000F867E /* Assets.xcassets */,
				B3CA4FB51CC8C4DA000F867E /* LaunchScreen.storyboard */,
				B3CA4FB81CC8C4DA000F867E /* Info.plist */,
				B3CA4FAD1CC8C4DA000F867E /* Supporting Files */,
			);
			path = AFNTest;
			sourceTree = "<group>";
		};
		B3CA4FAD1CC8C4DA000F867E /* Supporting Files */ = {
			isa = PBXGroup;
			children = (
				B3CA4FAE1CC8C4DA000F867E /* main.m */,
			);
			name = "Supporting Files";
			sourceTree = "<group>";
		};
/* End PBXGroup section */

/* Begin PBXNativeTarget section */
		B3CA4FA91CC8C4DA000F867E /* AFNTest */ = {
			isa = PBXNativeTarget;
			buildConfigurationList = B3CA4FBB1CC8C4DA000F867E /* Build configuration list for PBXNativeTarget "AFNTest" */;
			buildPhases = (
				7179CC705FC1F6EB1D6C2F64 /* Check Pods Manifest.lock */,
				B3CA4FA61CC8C4DA000F867E /* Sources */,
				B3CA4FA71CC8C4DA000F867E /* Frameworks */,
				B3CA4FA81CC8C4DA000F867E /* Resources */,
				9401EEC03A960AE55C086BFF /* Embed Pods Frameworks */,
				A3048BA2BC3533433A233D81 /* Copy Pods Resources */,
			);
			buildRules = (
			);
			dependencies = (
			);
			name = AFNTest;
			productName = AFNTest;
			productReference = B3CA4FAA1CC8C4DA000F867E /* AFNTest.app */;
			productType = "com.apple.product-type.application";
		};
/* End PBXNativeTarget section */

/* Begin PBXProject section */
		B3CA4FA21CC8C4DA000F867E /* Project object */ = {
			isa = PBXProject;
			attributes = {
				LastUpgradeCheck = 0720;
				ORGANIZATIONNAME = Leo;
				TargetAttributes = {
					B3CA4FA91CC8C4DA000F867E = {
						CreatedOnToolsVersion = 7.2;
					};
				};
			};
			buildConfigurationList = B3CA4FA51CC8C4DA000F867E /* Build configuration list for PBXProject "AFNTest" */;
			compatibilityVersion = "Xcode 3.2";
			developmentRegion = English;
			hasScannedForEncodings = 0;
			knownRegions = (
				en,
				Base,
			);
			mainGroup = B3CA4FA11CC8C4DA000F867E;
			productRefGroup = B3CA4FAB1CC8C4DA000F867E /* Products */;
			projectDirPath = "";
			projectRoot = "";
			targets = (
				B3CA4FA91CC8C4DA000F867E /* AFNTest */,
			);
		};
/* End PBXProject section */

/* Begin PBXResourcesBuildPhase section */
		B3CA4FA81CC8C4DA000F867E /* Resources */ = {
			isa = PBXResourcesBuildPhase;
			buildActionMask = 2147483647;
			files = (
				B3CA4FB41CC8C4DA000F867E /* Assets.xcassets in Resources */,
				B3CA4FB71CC8C4DA000F867E /* LaunchScreen.storyboard in Resources */,
			);
			runOnlyForDeploymentPostprocessing = 0;
		};
/* End PBXResourcesBuildPhase section */

/* Begin PBXShellScriptBuildPhase section */
		7179CC705FC1F6EB1D6C2F64 /* Check Pods Manifest.lock */ = {
			isa = PBXShellScriptBuildPhase;
			buildActionMask = 2147483647;
			files = (
			);
			inputPaths = (
			);
			name = "Check Pods Manifest.lock";
			outputPaths = (
			);
			runOnlyForDeploymentPostprocessing = 0;
			shellPath = /bin/sh;
			shellScript = "diff \"${PODS_ROOT}/../Podfile.lock\" \"${PODS_ROOT}/Manifest.lock\" > /dev/null\nif [[ $? != 0 ]] ; then\n    cat << EOM\nerror: The sandbox is not in sync with the Podfile.lock. Run 'pod install' or update your CocoaPods installation.\nEOM\n    exit 1\nfi\n";
			showEnvVarsInLog = 0;
		};
		9401EEC03A960AE55C086BFF /* Embed Pods Frameworks */ = {
			isa = PBXShellScriptBuildPhase;
			buildActionMask = 2147483647;
			files = (
			);
			inputPaths = (
			);
			name = "Embed Pods Frameworks";
			outputPaths = (
			);
			runOnlyForDeploymentPostprocessing = 0;
			shellPath = /bin/sh;
			shellScript = "\"${SRCROOT}/Pods/Target Support Files/Pods/Pods-frameworks.sh\"\n";
			showEnvVarsInLog = 0;
		};
		A3048BA2BC3533433A233D81 /* Copy Pods Resources */ = {
			isa = PBXShellScriptBuildPhase;
			buildActionMask = 2147483647;
			files = (
			);
			inputPaths = (
			);
			name = "Copy Pods Resources";
			outputPaths = (
			);
			runOnlyForDeploymentPostprocessing = 0;
			shellPath = /bin/sh;
			shellScript = "\"${SRCROOT}/Pods/Target Support Files/Pods/Pods-resources.sh\"\n";
			showEnvVarsInLog = 0;
		};
/* End PBXShellScriptBuildPhase section */

/* Begin PBXSourcesBuildPhase section */
		B3CA4FA61CC8C4DA000F867E /* Sources */ = {
			isa = PBXSourcesBuildPhase;
			buildActionMask = 2147483647;
			files = (
				B3CA4FB21CC8C4DA000F867E /* AppDelegate.m in Sources */,
				B3CA4FAF1CC8C4DA000F867E /* main.m in Sources */,
			);
			runOnlyForDeploymentPostprocessing = 0;
		};
/* End PBXSourcesBuildPhase section */

/* Begin PBXVariantGroup section */
		B3CA4FB51CC8C4DA000F867E /* LaunchScreen.storyboard */ = {
			isa = PBXVariantGroup;
			children = (
				B3CA4FB61CC8C4DA000F867E /* Base */,
			);
			name = LaunchScreen.storyboard;
			sourceTree = "<group>";
		};
/* End PBXVariantGroup section */

/* Begin XCBuildConfiguration section */
		B3CA4FB91CC8C4DA000F867E /* Debug */ = {
			isa = XCBuildConfiguration;
			buildSettings = {
				ALWAYS_SEARCH_USER_PATHS = NO;
				CLANG_CXX_LANGUAGE_STANDARD = "gnu++0x";
				CLANG_CXX_LIBRARY = "libc++";
				CLANG_ENABLE_MODULES = YES;
				CLANG_ENABLE_OBJC_ARC = YES;
				CLANG_WARN_BOOL_CONVERSION = YES;
				CLANG_WARN_CONSTANT_CONVERSION = YES;
				CLANG_WARN_DIRECT_OBJC_ISA_USAGE = YES_ERROR;
				CLANG_WARN_EMPTY_BODY = YES;
				CLANG_WARN_ENUM_CONVERSION = YES;
				CLANG_WARN_INT_CONVERSION = YES;
				CLANG_WARN_OBJC_ROOT_CLASS = YES_ERROR;
				CLANG_WARN_UNREACHABLE_CODE = YES;
				CLANG_WARN__DUPLICATE_METHOD_MATCH = YES;
				"CODE_SIGN_IDENTITY[sdk=iphoneos*]" = "iPhone Developer";
				COPY_PHASE_STRIP = NO;
				DEBUG_INFORMATION_FORMAT = dwarf;
				ENABLE_STRICT_OBJC_MSGSEND = YES;
				ENABLE_TESTABILITY = YES;
				GCC_C_LANGUAGE_STANDARD = gnu99;
				GCC_DYNAMIC_NO_PIC = NO;
				GCC_NO_COMMON_BLOCKS = YES;
				GCC_OPTIMIZATION_LEVEL = 0;
				GCC_PREPROCESSOR_DEFINITIONS = (
					"DEBUG=1",
					"$(inherited)",
				);
				GCC_WARN_64_TO_32_BIT_CONVERSION = YES;
				GCC_WARN_ABOUT_RETURN_TYPE = YES_ERROR;
				GCC_WARN_UNDECLARED_SELECTOR = YES;
				GCC_WARN_UNINITIALIZED_AUTOS = YES_AGGRESSIVE;
				GCC_WARN_UNUSED_FUNCTION = YES;
				GCC_WARN_UNUSED_VARIABLE = YES;
				IPHONEOS_DEPLOYMENT_TARGET = 9.2;
				MTL_ENABLE_DEBUG_INFO = YES;
				ONLY_ACTIVE_ARCH = YES;
				SDKROOT = iphoneos;
			};
			name = Debug;
		};
		B3CA4FBA1CC8C4DA000F867E /* Release */ = {
			isa = XCBuildConfiguration;
			buildSettings = {
				ALWAYS_SEARCH_USER_PATHS = NO;
				CLANG_CXX_LANGUAGE_STANDARD = "gnu++0x";
				CLANG_CXX_LIBRARY = "libc++";
				CLANG_ENABLE_MODULES = YES;
				CLANG_ENABLE_OBJC_ARC = YES;
				CLANG_WARN_BOOL_CONVERSION = YES;
				CLANG_WARN_CONSTANT_CONVERSION = YES;
				CLANG_WARN_DIRECT_OBJC_ISA_USAGE = YES_ERROR;
				CLANG_WARN_EMPTY_BODY = YES;
				CLANG_WARN_ENUM_CONVERSION = YES;
				CLANG_WARN_INT_CONVERSION = YES;
				CLANG_WARN_OBJC_ROOT_CLASS = YES_ERROR;
				CLANG_WARN_UNREACHABLE_CODE = YES;
				CLANG_WARN__DUPLICATE_METHOD_MATCH = YES;
				"CODE_SIGN_IDENTITY[sdk=iphoneos*]" = "iPhone Developer";
				COPY_PHASE_STRIP = NO;
				DEBUG_INFORMATION_FORMAT = "dwarf-with-dsym";
				ENABLE_NS_ASSERTIONS = NO;
				ENABLE_STRICT_OBJC_MSGSEND = YES;
				GCC_C_LANGUAGE_STANDARD = gnu99;
				GCC_NO_COMMON_BLOCKS = YES;
				GCC_WARN_64_TO_32_BIT_CONVERSION = YES;
				GCC_WARN_ABOUT_RETURN_TYPE = YES_ERROR;
				GCC_WARN_UNDECLARED_SELECTOR = YES;
				GCC_WARN_UNINITIALIZED_AUTOS = YES_AGGRESSIVE;
				GCC_WARN_UNUSED_FUNCTION = YES;
				GCC_WARN_UNUSED_VARIABLE = YES;
				IPHONEOS_DEPLOYMENT_TARGET = 9.2;
				MTL_ENABLE_DEBUG_INFO = NO;
				SDKROOT = iphoneos;
				VALIDATE_PRODUCT = YES;
			};
			name = Release;
		};
		B3CA4FBC1CC8C4DA000F867E /* Debug */ = {
			isa = XCBuildConfiguration;
			baseConfigurationReference = 6591B3EBACB2AE965C73C007 /* Pods.debug.xcconfig */;
			buildSettings = {
				ASSETCATALOG_COMPILER_APPICON_NAME = AppIcon;
				INFOPLIST_FILE = AFNTest/Info.plist;
				LD_RUNPATH_SEARCH_PATHS = "$(inherited) @executable_path/Frameworks";
				PRODUCT_BUNDLE_IDENTIFIER = com.pictureworks.AFNTest;
				PRODUCT_NAME = "$(TARGET_NAME)";
			};
			name = Debug;
		};
		B3CA4FBD1CC8C4DA000F867E /* Release */ = {
			isa = XCBuildConfiguration;
			baseConfigurationReference = 7B4AB5E775CB24A6658F7780 /* Pods.release.xcconfig */;
			buildSettings = {
				ASSETCATALOG_COMPILER_APPICON_NAME = AppIcon;
				INFOPLIST_FILE = AFNTest/Info.plist;
				LD_RUNPATH_SEARCH_PATHS = "$(inherited) @executable_path/Frameworks";
				PRODUCT_BUNDLE_IDENTIFIER = com.pictureworks.AFNTest;
				PRODUCT_NAME = "$(TARGET_NAME)";
			};
			name = Release;
		};
/* End XCBuildConfiguration section */

/* Begin XCConfigurationList section */
		B3CA4FA51CC8C4DA000F867E /* Build configuration list for PBXProject "AFNTest" */ = {
			isa = XCConfigurationList;
			buildConfigurations = (
				B3CA4FB91CC8C4DA000F867E /* Debug */,
				B3CA4FBA1CC8C4DA000F867E /* Release */,
			);
			defaultConfigurationIsVisible = 0;
			defaultConfigurationName = Release;
		};
		B3CA4FBB1CC8C4DA000F867E /* Build configuration list for PBXNativeTarget "AFNTest" */ = {
			isa = XCConfigurationList;
			buildConfigurations = (
				B3CA4FBC1CC8C4DA000F867E /* Debug */,
				B3CA4FBD1CC8C4DA000F867E /* Release */,
			);
			defaultConfigurationIsVisible = 0;
			defaultConfigurationName = Release;
		};
/* End XCConfigurationList section */
	};
	rootObject = B3CA4FA21CC8C4DA000F867E /* Project object */;
}
